
Microsoft Visual Studio Solution File, Format Version 11.00
# Visual Studio 2010
Project("{FAE04EC0-301F-11D3-BF4B-00C04F79EFBC}") = "BBLinq", "BBLinq\BBLinq.csproj", "{916FDEFA-83EE-43FA-9A08-711A706BF477}"
EndProject
Project("{FAE04EC0-301F-11D3-BF4B-00C04F79EFBC}") = "SimpleTest", "SimpleTest\SimpleTest.csproj", "{980AB3A8-0F0B-4037-94DC-D29D0BA19C0B}"
EndProject
Global
	GlobalSection(SolutionConfigurationPlatforms) = preSolution
		Debug|Any CPU = Debug|Any CPU
		Debug|Mixed Platforms = Debug|Mixed Platforms
		Debug|x86 = Debug|x86
		Release|Any CPU = Release|Any CPU
		Release|Mixed Platforms = Release|Mixed Platforms
		Release|x86 = Release|x86
	EndGlobalSection
	GlobalSection(ProjectConfigurationPlatforms) = postSolution
		{916FDEFA-83EE-43FA-9A08-711A706BF477}.Debug|Any CPU.ActiveCfg = Debug|Any CPU
		{916FDEFA-83EE-43FA-9A08-711A706BF477}.Debug|Any CPU.Build.0 = Debug|Any CPU
		{916FDEFA-83EE-43FA-9A08-711A706BF477}.Debug|Mixed Platforms.ActiveCfg = Debug|Any CPU
		{916FDEFA-83EE-43FA-9A08-711A706BF477}.Debug|Mixed Platforms.Build.0 = Debug|Any CPU
		{916FDEFA-83EE-43FA-9A08-711A706BF477}.Debug|x86.ActiveCfg = Debug|Any CPU
		{916FDEFA-83EE-43FA-9A08-711A706BF477}.Release|Any CPU.ActiveCfg = Release|Any CPU
		{916FDEFA-83EE-43FA-9A08-711A706BF477}.Release|Any CPU.Build.0 = Release|Any CPU
		{916FDEFA-83EE-43FA-9A08-711A706BF477}.Release|Mixed Platforms.ActiveCfg = Release|Any CPU
		{916FDEFA-83EE-43FA-9A08-711A706BF477}.Release|Mixed Platforms.Build.0 = Release|Any CPU
		{916FDEFA-83EE-43FA-9A08-711A706BF477}.Release|x86.ActiveCfg = Release|Any CPU
		{980AB3A8-0F0B-4037-94DC-D29D0BA19C0B}.Debug|Any CPU.ActiveCfg = Debug|x86
		{980AB3A8-0F0B-4037-94DC-D29D0BA19C0B}.Debug|Mixed Platforms.ActiveCfg = Debug|x86
		{980AB3A8-0F0B-4037-94DC-D29D0BA19C0B}.Debug|Mixed Platforms.Build.0 = Debug|x86
		{980AB3A8-0F0B-4037-94DC-D29D0BA19C0B}.Debug|x86.ActiveCfg = Debug|x86
		{980AB3A8-0F0B-4037-94DC-D29D0BA19C0B}.Debug|x86.Build.0 = Debug|x86
		{980AB3A8-0F0B-4037-94DC-D29D0BA19C0B}.Release|Any CPU.ActiveCfg = Release|x86
		{980AB3A8-0F0B-4037-94DC-D29D0BA19C0B}.Release|Mixed Platforms.ActiveCfg = Release|x86
		{980AB3A8-0F0B-4037-94DC-D29D0BA19C0B}.Release|Mixed Platforms.Build.0 = Release|x86
		{980AB3A8-0F0B-4037-94DC-D29D0BA19C0B}.Release|x86.ActiveCfg = Release|x86
		{980AB3A8-0F0B-4037-94DC-D29D0BA19C0B}.Release|x86.Build.0 = Release|x86
	EndGlobalSection
	GlobalSection(SolutionProperties) = preSolution
		HideSolutionNode = FALSE
	EndGlobalSection
EndGlobal
