
Microsoft Visual Studio Solution File, Format Version 11.00
# Visual Studio 2010
Project("{FAE04EC0-301F-11D3-BF4B-00C04F79EFBC}") = "BEmu", "BEmu\BEmu.csproj", "{0DD8974E-DA15-4131-8805-B44815053F61}"
EndProject
Project("{FAE04EC0-301F-11D3-BF4B-00C04F79EFBC}") = "Examples", "Examples\Examples.csproj", "{1EE7593D-D8BE-4777-90E4-E8104ACA5F3C}"
EndProject
Project("{54435603-DBB4-11D2-8724-00A0C9A8B90C}") = "BEmuInstaller", "BEmuInstaller\BEmuInstaller.vdproj", "{EA34031C-FFE0-48C6-9F60-E1D9563D992A}"
EndProject
Global
	GlobalSection(SolutionConfigurationPlatforms) = preSolution
		Debug|Any CPU = Debug|Any CPU
		Debug|Mixed Platforms = Debug|Mixed Platforms
		Debug|Win32 = Debug|Win32
		Debug|x86 = Debug|x86
		Release|Any CPU = Release|Any CPU
		Release|Mixed Platforms = Release|Mixed Platforms
		Release|Win32 = Release|Win32
		Release|x86 = Release|x86
	EndGlobalSection
	GlobalSection(ProjectConfigurationPlatforms) = postSolution
		{0DD8974E-DA15-4131-8805-B44815053F61}.Debug|Any CPU.ActiveCfg = Debug|Any CPU
		{0DD8974E-DA15-4131-8805-B44815053F61}.Debug|Any CPU.Build.0 = Debug|Any CPU
		{0DD8974E-DA15-4131-8805-B44815053F61}.Debug|Mixed Platforms.ActiveCfg = Debug|Any CPU
		{0DD8974E-DA15-4131-8805-B44815053F61}.Debug|Mixed Platforms.Build.0 = Debug|Any CPU
		{0DD8974E-DA15-4131-8805-B44815053F61}.Debug|Win32.ActiveCfg = Debug|Any CPU
		{0DD8974E-DA15-4131-8805-B44815053F61}.Debug|x86.ActiveCfg = Debug|Any CPU
		{0DD8974E-DA15-4131-8805-B44815053F61}.Release|Any CPU.ActiveCfg = Release|Any CPU
		{0DD8974E-DA15-4131-8805-B44815053F61}.Release|Any CPU.Build.0 = Release|Any CPU
		{0DD8974E-DA15-4131-8805-B44815053F61}.Release|Mixed Platforms.ActiveCfg = Release|Any CPU
		{0DD8974E-DA15-4131-8805-B44815053F61}.Release|Mixed Platforms.Build.0 = Release|Any CPU
		{0DD8974E-DA15-4131-8805-B44815053F61}.Release|Win32.ActiveCfg = Release|Any CPU
		{0DD8974E-DA15-4131-8805-B44815053F61}.Release|x86.ActiveCfg = Release|Any CPU
		{1EE7593D-D8BE-4777-90E4-E8104ACA5F3C}.Debug|Any CPU.ActiveCfg = Debug|x86
		{1EE7593D-D8BE-4777-90E4-E8104ACA5F3C}.Debug|Mixed Platforms.ActiveCfg = Debug|x86
		{1EE7593D-D8BE-4777-90E4-E8104ACA5F3C}.Debug|Mixed Platforms.Build.0 = Debug|x86
		{1EE7593D-D8BE-4777-90E4-E8104ACA5F3C}.Debug|Win32.ActiveCfg = Debug|x86
		{1EE7593D-D8BE-4777-90E4-E8104ACA5F3C}.Debug|x86.ActiveCfg = Debug|x86
		{1EE7593D-D8BE-4777-90E4-E8104ACA5F3C}.Debug|x86.Build.0 = Debug|x86
		{1EE7593D-D8BE-4777-90E4-E8104ACA5F3C}.Release|Any CPU.ActiveCfg = Release|x86
		{1EE7593D-D8BE-4777-90E4-E8104ACA5F3C}.Release|Mixed Platforms.ActiveCfg = Release|x86
		{1EE7593D-D8BE-4777-90E4-E8104ACA5F3C}.Release|Mixed Platforms.Build.0 = Release|x86
		{1EE7593D-D8BE-4777-90E4-E8104ACA5F3C}.Release|Win32.ActiveCfg = Release|x86
		{1EE7593D-D8BE-4777-90E4-E8104ACA5F3C}.Release|x86.ActiveCfg = Release|x86
		{1EE7593D-D8BE-4777-90E4-E8104ACA5F3C}.Release|x86.Build.0 = Release|x86
		{EA34031C-FFE0-48C6-9F60-E1D9563D992A}.Debug|Any CPU.ActiveCfg = Debug
		{EA34031C-FFE0-48C6-9F60-E1D9563D992A}.Debug|Any CPU.Build.0 = Debug
		{EA34031C-FFE0-48C6-9F60-E1D9563D992A}.Debug|Mixed Platforms.ActiveCfg = Debug
		{EA34031C-FFE0-48C6-9F60-E1D9563D992A}.Debug|Mixed Platforms.Build.0 = Debug
		{EA34031C-FFE0-48C6-9F60-E1D9563D992A}.Debug|Win32.ActiveCfg = Debug
		{EA34031C-FFE0-48C6-9F60-E1D9563D992A}.Debug|Win32.Build.0 = Debug
		{EA34031C-FFE0-48C6-9F60-E1D9563D992A}.Debug|x86.ActiveCfg = Debug
		{EA34031C-FFE0-48C6-9F60-E1D9563D992A}.Debug|x86.Build.0 = Debug
		{EA34031C-FFE0-48C6-9F60-E1D9563D992A}.Release|Any CPU.ActiveCfg = Release
		{EA34031C-FFE0-48C6-9F60-E1D9563D992A}.Release|Any CPU.Build.0 = Release
		{EA34031C-FFE0-48C6-9F60-E1D9563D992A}.Release|Mixed Platforms.ActiveCfg = Release
		{EA34031C-FFE0-48C6-9F60-E1D9563D992A}.Release|Mixed Platforms.Build.0 = Release
		{EA34031C-FFE0-48C6-9F60-E1D9563D992A}.Release|Win32.ActiveCfg = Release
		{EA34031C-FFE0-48C6-9F60-E1D9563D992A}.Release|Win32.Build.0 = Release
		{EA34031C-FFE0-48C6-9F60-E1D9563D992A}.Release|x86.ActiveCfg = Release
		{EA34031C-FFE0-48C6-9F60-E1D9563D992A}.Release|x86.Build.0 = Release
	EndGlobalSection
	GlobalSection(SolutionProperties) = preSolution
		HideSolutionNode = FALSE
	EndGlobalSection
EndGlobal
