<?xml version="1.0" encoding="utf-8"?>
<Project ToolsVersion="4.0" xmlns="http://schemas.microsoft.com/developer/msbuild/2003">
  <ItemGroup>
    <Filter Include="Source Files">
      <UniqueIdentifier>{4FC737F1-C7A5-4376-A066-2A32D752A2FF}</UniqueIdentifier>
      <Extensions>cpp;c;cc;cxx;def;odl;idl;hpj;bat;asm;asmx</Extensions>
    </Filter>
    <Filter Include="Header Files">
      <UniqueIdentifier>{93995380-89BD-4b04-88EB-625FBE52EBFB}</UniqueIdentifier>
      <Extensions>h;hpp;hxx;hm;inl;inc;xsd</Extensions>
    </Filter>
    <Filter Include="Header Files\IntradayTickRequest">
      <UniqueIdentifier>{4277de55-ff16-4e59-afe2-44245be81865}</UniqueIdentifier>
    </Filter>
    <Filter Include="Header Files\Types">
      <UniqueIdentifier>{93c673aa-6daf-4c97-b059-7f7fa9b25954}</UniqueIdentifier>
    </Filter>
    <Filter Include="Header Files\BloombergTypes">
      <UniqueIdentifier>{60c45d0b-4e5b-4cde-8168-ef4ebefc463f}</UniqueIdentifier>
    </Filter>
    <Filter Include="Source Files\BloombergTypes">
      <UniqueIdentifier>{27e1ce1c-a702-4409-9717-681d725c1259}</UniqueIdentifier>
    </Filter>
    <Filter Include="Source Files\Types">
      <UniqueIdentifier>{a63aacf0-c15d-4473-a634-11107d11cdfb}</UniqueIdentifier>
    </Filter>
    <Filter Include="Source Files\IntradayTickRequests">
      <UniqueIdentifier>{f0a9f3b4-71e3-42f9-94c4-29dbefd01c5d}</UniqueIdentifier>
    </Filter>
    <Filter Include="Source Files\IntradayBarRequest">
      <UniqueIdentifier>{45785744-4c34-422a-aa16-a7a3d8ff8f52}</UniqueIdentifier>
    </Filter>
    <Filter Include="Source Files\HistoricalDataRequest">
      <UniqueIdentifier>{1363be66-79cd-4f1c-a9d1-86eb99b5f1c3}</UniqueIdentifier>
    </Filter>
    <Filter Include="Header Files\HistoricalDataRequest">
      <UniqueIdentifier>{58afa5f0-1dec-47f7-91de-930a151301a1}</UniqueIdentifier>
    </Filter>
    <Filter Include="Header Files\ReferenceDataRequest">
      <UniqueIdentifier>{a3c2f1b3-824f-4963-9f8c-3e9e959c22d5}</UniqueIdentifier>
    </Filter>
    <Filter Include="Source Files\ReferenceDataRequest">
      <UniqueIdentifier>{49e34ca1-1ee5-4c27-8979-6ad132e4d841}</UniqueIdentifier>
    </Filter>
    <Filter Include="Header Files\MarketDataRequest">
      <UniqueIdentifier>{7506d622-8d8a-456f-bf07-8ee2a496e17c}</UniqueIdentifier>
    </Filter>
    <Filter Include="Source Files\MarketDataRequest">
      <UniqueIdentifier>{8945528b-5f9d-4266-969e-8efb459340f8}</UniqueIdentifier>
    </Filter>
    <Filter Include="Header Files\IntradayBarRequest">
      <UniqueIdentifier>{d13d5b9d-420e-4423-9fac-3ca6c4cff689}</UniqueIdentifier>
    </Filter>
    <Filter Include="Resource Files">
      <UniqueIdentifier>{67DA6AB6-F800-4c08-8B7A-83BB121AAD01}</UniqueIdentifier>
      <Extensions>rc;ico;cur;bmp;dlg;rc2;rct;bin;rgs;gif;jpg;jpeg;jpe;resx;tiff;tif;png;wav;mfcribbon-ms</Extensions>
    </Filter>
    <Filter Include="Header Files\Exceptions">
      <UniqueIdentifier>{8b9674ac-7f92-4af4-b589-0e7bf6069f09}</UniqueIdentifier>
    </Filter>
  </ItemGroup>
  <ItemGroup>
    <ClInclude Include="headers\BloombergTypes\EventPtr.h">
      <Filter>Header Files\BloombergTypes</Filter>
    </ClInclude>
    <ClInclude Include="headers\BloombergTypes\Message.h">
      <Filter>Header Files\BloombergTypes</Filter>
    </ClInclude>
    <ClInclude Include="headers\BloombergTypes\MessageIterator.h">
      <Filter>Header Files\BloombergTypes</Filter>
    </ClInclude>
    <ClInclude Include="headers\BloombergTypes\MessagePtr.h">
      <Filter>Header Files\BloombergTypes</Filter>
    </ClInclude>
    <ClInclude Include="headers\BloombergTypes\Name.h">
      <Filter>Header Files\BloombergTypes</Filter>
    </ClInclude>
    <ClInclude Include="headers\BloombergTypes\Request.h">
      <Filter>Header Files\BloombergTypes</Filter>
    </ClInclude>
    <ClInclude Include="headers\BloombergTypes\RequestPtr.h">
      <Filter>Header Files\BloombergTypes</Filter>
    </ClInclude>
    <ClInclude Include="headers\BloombergTypes\Service.h">
      <Filter>Header Files\BloombergTypes</Filter>
    </ClInclude>
    <ClInclude Include="headers\BloombergTypes\ServiceRefData.h">
      <Filter>Header Files\BloombergTypes</Filter>
    </ClInclude>
    <ClInclude Include="headers\BloombergTypes\Session.h">
      <Filter>Header Files\BloombergTypes</Filter>
    </ClInclude>
    <ClInclude Include="headers\BloombergTypes\SessionOptions.h">
      <Filter>Header Files\BloombergTypes</Filter>
    </ClInclude>
    <ClInclude Include="headers\BloombergTypes\CorrelationId.h">
      <Filter>Header Files\BloombergTypes</Filter>
    </ClInclude>
    <ClInclude Include="headers\BloombergTypes\Datetime.h">
      <Filter>Header Files\BloombergTypes</Filter>
    </ClInclude>
    <ClInclude Include="headers\BloombergTypes\Element.h">
      <Filter>Header Files\BloombergTypes</Filter>
    </ClInclude>
    <ClInclude Include="headers\BloombergTypes\ElementPtr.h">
      <Filter>Header Files\BloombergTypes</Filter>
    </ClInclude>
    <ClInclude Include="headers\BloombergTypes\Event.h">
      <Filter>Header Files\BloombergTypes</Filter>
    </ClInclude>
    <ClInclude Include="headers\Types\ObjectType.h">
      <Filter>Header Files\Types</Filter>
    </ClInclude>
    <ClInclude Include="headers\Types\RandomDataGenerator.h">
      <Filter>Header Files\Types</Filter>
    </ClInclude>
    <ClInclude Include="headers\Types\Rules.h">
      <Filter>Header Files\Types</Filter>
    </ClInclude>
    <ClInclude Include="headers\Types\IndentType.h">
      <Filter>Header Files\Types</Filter>
    </ClInclude>
    <ClInclude Include="headers\bemu_headers.h">
      <Filter>Header Files</Filter>
    </ClInclude>
    <ClInclude Include="headers\BloombergTypes\SubscriptionList.h">
      <Filter>Header Files\BloombergTypes</Filter>
    </ClInclude>
    <ClInclude Include="headers\BloombergTypes\Subscription.h">
      <Filter>Header Files\BloombergTypes</Filter>
    </ClInclude>
    <ClInclude Include="headers\BloombergTypes\EventHandler.h">
      <Filter>Header Files\BloombergTypes</Filter>
    </ClInclude>
    <ClInclude Include="headers\Types\BEmuTimer.h">
      <Filter>Header Files\Types</Filter>
    </ClInclude>
    <ClInclude Include="headers\Types\BEmuTimerFunction.h">
      <Filter>Header Files\Types</Filter>
    </ClInclude>
    <ClInclude Include="headers\BloombergTypes\SessionTimerFunction.h">
      <Filter>Header Files\BloombergTypes</Filter>
    </ClInclude>
    <ClInclude Include="headers\Types\DisplayFormats.h">
      <Filter>Header Files\Types</Filter>
    </ClInclude>
    <ClInclude Include="headers\BloombergTypes\SchemaElementDefinition.h">
      <Filter>Header Files\BloombergTypes</Filter>
    </ClInclude>
    <ClInclude Include="headers\BloombergTypes\Datatypes.h">
      <Filter>Header Files\BloombergTypes</Filter>
    </ClInclude>
    <ClInclude Include="headers\BloombergTypes\Constant.h">
      <Filter>Header Files\BloombergTypes</Filter>
    </ClInclude>
    <ClInclude Include="headers\BloombergTypes\ConstantList.h">
      <Filter>Header Files\BloombergTypes</Filter>
    </ClInclude>
    <ClInclude Include="headers\BloombergTypes\SchemaTypeDefinition.h">
      <Filter>Header Files\BloombergTypes</Filter>
    </ClInclude>
    <ClInclude Include="headers\BloombergTypes\SchemaStatus.h">
      <Filter>Header Files\BloombergTypes</Filter>
    </ClInclude>
    <ClInclude Include="headers\Exceptions\Exception.h">
      <Filter>Header Files\Exceptions</Filter>
    </ClInclude>
    <ClInclude Include="headers\Exceptions\DuplicateCorrelationIdException.h">
      <Filter>Header Files\Exceptions</Filter>
    </ClInclude>
    <ClInclude Include="headers\Exceptions\InvalidStateException.h">
      <Filter>Header Files\Exceptions</Filter>
    </ClInclude>
    <ClInclude Include="headers\Exceptions\InvalidArgumentException.h">
      <Filter>Header Files\Exceptions</Filter>
    </ClInclude>
    <ClInclude Include="headers\Exceptions\InvalidConversionException.h">
      <Filter>Header Files\Exceptions</Filter>
    </ClInclude>
    <ClInclude Include="headers\Exceptions\IndexOutOfRangeException.h">
      <Filter>Header Files\Exceptions</Filter>
    </ClInclude>
    <ClInclude Include="headers\Exceptions\FieldNotFoundException.h">
      <Filter>Header Files\Exceptions</Filter>
    </ClInclude>
    <ClInclude Include="headers\Exceptions\UnknownErrorException.h">
      <Filter>Header Files\Exceptions</Filter>
    </ClInclude>
    <ClInclude Include="headers\Exceptions\UnsupportedOperationException.h">
      <Filter>Header Files\Exceptions</Filter>
    </ClInclude>
    <ClInclude Include="headers\HistoricalDataRequest\HistoricElement.h">
      <Filter>Header Files\HistoricalDataRequest</Filter>
    </ClInclude>
    <ClInclude Include="headers\HistoricalDataRequest\HistoricElementDateTime.h">
      <Filter>Header Files\HistoricalDataRequest</Filter>
    </ClInclude>
    <ClInclude Include="headers\HistoricalDataRequest\HistoricElementDouble.h">
      <Filter>Header Files\HistoricalDataRequest</Filter>
    </ClInclude>
    <ClInclude Include="headers\HistoricalDataRequest\HistoricElementErrorInfo.h">
      <Filter>Header Files\HistoricalDataRequest</Filter>
    </ClInclude>
    <ClInclude Include="headers\HistoricalDataRequest\HistoricElementFieldData.h">
      <Filter>Header Files\HistoricalDataRequest</Filter>
    </ClInclude>
    <ClInclude Include="headers\HistoricalDataRequest\HistoricElementFieldDataArray.h">
      <Filter>Header Files\HistoricalDataRequest</Filter>
    </ClInclude>
    <ClInclude Include="headers\HistoricalDataRequest\HistoricElementFieldExceptions.h">
      <Filter>Header Files\HistoricalDataRequest</Filter>
    </ClInclude>
    <ClInclude Include="headers\HistoricalDataRequest\HistoricElementFieldExceptionsArray.h">
      <Filter>Header Files\HistoricalDataRequest</Filter>
    </ClInclude>
    <ClInclude Include="headers\HistoricalDataRequest\HistoricElementInt.h">
      <Filter>Header Files\HistoricalDataRequest</Filter>
    </ClInclude>
    <ClInclude Include="headers\HistoricalDataRequest\HistoricElementSecurityData.h">
      <Filter>Header Files\HistoricalDataRequest</Filter>
    </ClInclude>
    <ClInclude Include="headers\HistoricalDataRequest\HistoricElementSecurityError.h">
      <Filter>Header Files\HistoricalDataRequest</Filter>
    </ClInclude>
    <ClInclude Include="headers\HistoricalDataRequest\HistoricElementString.h">
      <Filter>Header Files\HistoricalDataRequest</Filter>
    </ClInclude>
    <ClInclude Include="headers\HistoricalDataRequest\HistoricEvent.h">
      <Filter>Header Files\HistoricalDataRequest</Filter>
    </ClInclude>
    <ClInclude Include="headers\HistoricalDataRequest\HistoricMessage.h">
      <Filter>Header Files\HistoricalDataRequest</Filter>
    </ClInclude>
    <ClInclude Include="headers\HistoricalDataRequest\HistoricRequest.h">
      <Filter>Header Files\HistoricalDataRequest</Filter>
    </ClInclude>
    <ClInclude Include="headers\HistoricalDataRequest\HistoricRequestElementBool.h">
      <Filter>Header Files\HistoricalDataRequest</Filter>
    </ClInclude>
    <ClInclude Include="headers\HistoricalDataRequest\HistoricRequestElementDate.h">
      <Filter>Header Files\HistoricalDataRequest</Filter>
    </ClInclude>
    <ClInclude Include="headers\HistoricalDataRequest\HistoricRequestElementInt.h">
      <Filter>Header Files\HistoricalDataRequest</Filter>
    </ClInclude>
    <ClInclude Include="headers\HistoricalDataRequest\HistoricRequestElementString.h">
      <Filter>Header Files\HistoricalDataRequest</Filter>
    </ClInclude>
    <ClInclude Include="headers\HistoricalDataRequest\HistoricRequestElementStringArray.h">
      <Filter>Header Files\HistoricalDataRequest</Filter>
    </ClInclude>
    <ClInclude Include="headers\IntradayBarRequest\IntradayBarTickDataType.h">
      <Filter>Header Files\IntradayBarRequest</Filter>
    </ClInclude>
    <ClInclude Include="headers\IntradayBarRequest\IntradayBarElementData.h">
      <Filter>Header Files\IntradayBarRequest</Filter>
    </ClInclude>
    <ClInclude Include="headers\IntradayBarRequest\IntradayBarElementTickData.h">
      <Filter>Header Files\IntradayBarRequest</Filter>
    </ClInclude>
    <ClInclude Include="headers\IntradayBarRequest\IntradayBarElementTickDataArray.h">
      <Filter>Header Files\IntradayBarRequest</Filter>
    </ClInclude>
    <ClInclude Include="headers\IntradayBarRequest\IntradayBarElementDateTime.h">
      <Filter>Header Files\IntradayBarRequest</Filter>
    </ClInclude>
    <ClInclude Include="headers\IntradayBarRequest\IntradayBarElementDouble.h">
      <Filter>Header Files\IntradayBarRequest</Filter>
    </ClInclude>
    <ClInclude Include="headers\IntradayBarRequest\IntradayBarElementInt.h">
      <Filter>Header Files\IntradayBarRequest</Filter>
    </ClInclude>
    <ClInclude Include="headers\IntradayBarRequest\IntradayBarElementLong.h">
      <Filter>Header Files\IntradayBarRequest</Filter>
    </ClInclude>
    <ClInclude Include="headers\IntradayBarRequest\IntradayBarElementResponseError.h">
      <Filter>Header Files\IntradayBarRequest</Filter>
    </ClInclude>
    <ClInclude Include="headers\IntradayBarRequest\IntradayBarElementString.h">
      <Filter>Header Files\IntradayBarRequest</Filter>
    </ClInclude>
    <ClInclude Include="headers\IntradayBarRequest\IntradayBarEvent.h">
      <Filter>Header Files\IntradayBarRequest</Filter>
    </ClInclude>
    <ClInclude Include="headers\IntradayBarRequest\IntradayBarMessage.h">
      <Filter>Header Files\IntradayBarRequest</Filter>
    </ClInclude>
    <ClInclude Include="headers\IntradayBarRequest\IntradayBarRequest.h">
      <Filter>Header Files\IntradayBarRequest</Filter>
    </ClInclude>
    <ClInclude Include="headers\IntradayBarRequest\IntradayBarRequestElementBool.h">
      <Filter>Header Files\IntradayBarRequest</Filter>
    </ClInclude>
    <ClInclude Include="headers\IntradayBarRequest\IntradayBarRequestElementInt.h">
      <Filter>Header Files\IntradayBarRequest</Filter>
    </ClInclude>
    <ClInclude Include="headers\IntradayBarRequest\IntradayBarRequestElementString.h">
      <Filter>Header Files\IntradayBarRequest</Filter>
    </ClInclude>
    <ClInclude Include="headers\IntradayBarRequest\IntradayBarRequestElementStringArray.h">
      <Filter>Header Files\IntradayBarRequest</Filter>
    </ClInclude>
    <ClInclude Include="headers\IntradayBarRequest\IntradayBarRequestElementTime.h">
      <Filter>Header Files\IntradayBarRequest</Filter>
    </ClInclude>
    <ClInclude Include="headers\MarketDataRequest\MarketElementBool.h">
      <Filter>Header Files\MarketDataRequest</Filter>
    </ClInclude>
    <ClInclude Include="headers\MarketDataRequest\MarketElementDatetime.h">
      <Filter>Header Files\MarketDataRequest</Filter>
    </ClInclude>
    <ClInclude Include="headers\MarketDataRequest\MarketElementDouble.h">
      <Filter>Header Files\MarketDataRequest</Filter>
    </ClInclude>
    <ClInclude Include="headers\MarketDataRequest\MarketElementExceptions.h">
      <Filter>Header Files\MarketDataRequest</Filter>
    </ClInclude>
    <ClInclude Include="headers\MarketDataRequest\MarketElementExceptionsArray.h">
      <Filter>Header Files\MarketDataRequest</Filter>
    </ClInclude>
    <ClInclude Include="headers\MarketDataRequest\MarketElementInt.h">
      <Filter>Header Files\MarketDataRequest</Filter>
    </ClInclude>
    <ClInclude Include="headers\MarketDataRequest\MarketElementNull.h">
      <Filter>Header Files\MarketDataRequest</Filter>
    </ClInclude>
    <ClInclude Include="headers\MarketDataRequest\MarketElementReason.h">
      <Filter>Header Files\MarketDataRequest</Filter>
    </ClInclude>
    <ClInclude Include="headers\MarketDataRequest\MarketElementServiceStatus.h">
      <Filter>Header Files\MarketDataRequest</Filter>
    </ClInclude>
    <ClInclude Include="headers\MarketDataRequest\MarketElementString.h">
      <Filter>Header Files\MarketDataRequest</Filter>
    </ClInclude>
    <ClInclude Include="headers\MarketDataRequest\MarketElementSubscriptionCanceled.h">
      <Filter>Header Files\MarketDataRequest</Filter>
    </ClInclude>
    <ClInclude Include="headers\MarketDataRequest\MarketElementSubscriptionCancelReason.h">
      <Filter>Header Files\MarketDataRequest</Filter>
    </ClInclude>
    <ClInclude Include="headers\MarketDataRequest\MarketElementSubscriptionStarted.h">
      <Filter>Header Files\MarketDataRequest</Filter>
    </ClInclude>
    <ClInclude Include="headers\MarketDataRequest\MarketEvent.h">
      <Filter>Header Files\MarketDataRequest</Filter>
    </ClInclude>
    <ClInclude Include="headers\MarketDataRequest\MarketMessageServiceStatus.h">
      <Filter>Header Files\MarketDataRequest</Filter>
    </ClInclude>
    <ClInclude Include="headers\MarketDataRequest\MarketMessageSessionOpened.h">
      <Filter>Header Files\MarketDataRequest</Filter>
    </ClInclude>
    <ClInclude Include="headers\MarketDataRequest\MarketMessageSubscriptionCanceled.h">
      <Filter>Header Files\MarketDataRequest</Filter>
    </ClInclude>
    <ClInclude Include="headers\MarketDataRequest\MarketMessageSubscriptionData.h">
      <Filter>Header Files\MarketDataRequest</Filter>
    </ClInclude>
    <ClInclude Include="headers\MarketDataRequest\MarketMessageSubscriptionFailure.h">
      <Filter>Header Files\MarketDataRequest</Filter>
    </ClInclude>
    <ClInclude Include="headers\MarketDataRequest\MarketMessageSubscriptionStarted.h">
      <Filter>Header Files\MarketDataRequest</Filter>
    </ClInclude>
    <ClInclude Include="headers\ReferenceDataRequest\ReferenceElement.h">
      <Filter>Header Files\ReferenceDataRequest</Filter>
    </ClInclude>
    <ClInclude Include="headers\ReferenceDataRequest\ReferenceElementArray.h">
      <Filter>Header Files\ReferenceDataRequest</Filter>
    </ClInclude>
    <ClInclude Include="headers\ReferenceDataRequest\ReferenceElementArrayChainTickers.h">
      <Filter>Header Files\ReferenceDataRequest</Filter>
    </ClInclude>
    <ClInclude Include="headers\ReferenceDataRequest\ReferenceElementArrayChainTickersItem.h">
      <Filter>Header Files\ReferenceDataRequest</Filter>
    </ClInclude>
    <ClInclude Include="headers\ReferenceDataRequest\ReferenceElementDateTime.h">
      <Filter>Header Files\ReferenceDataRequest</Filter>
    </ClInclude>
    <ClInclude Include="headers\ReferenceDataRequest\ReferenceElementDouble.h">
      <Filter>Header Files\ReferenceDataRequest</Filter>
    </ClInclude>
    <ClInclude Include="headers\ReferenceDataRequest\ReferenceElementErrorInfo.h">
      <Filter>Header Files\ReferenceDataRequest</Filter>
    </ClInclude>
    <ClInclude Include="headers\ReferenceDataRequest\ReferenceElementFieldData.h">
      <Filter>Header Files\ReferenceDataRequest</Filter>
    </ClInclude>
    <ClInclude Include="headers\ReferenceDataRequest\ReferenceElementFieldExceptions.h">
      <Filter>Header Files\ReferenceDataRequest</Filter>
    </ClInclude>
    <ClInclude Include="headers\ReferenceDataRequest\ReferenceElementFieldExceptionsArray.h">
      <Filter>Header Files\ReferenceDataRequest</Filter>
    </ClInclude>
    <ClInclude Include="headers\ReferenceDataRequest\ReferenceElementInt.h">
      <Filter>Header Files\ReferenceDataRequest</Filter>
    </ClInclude>
    <ClInclude Include="headers\ReferenceDataRequest\ReferenceElementObject.h">
      <Filter>Header Files\ReferenceDataRequest</Filter>
    </ClInclude>
    <ClInclude Include="headers\ReferenceDataRequest\ReferenceElementSecurityData.h">
      <Filter>Header Files\ReferenceDataRequest</Filter>
    </ClInclude>
    <ClInclude Include="headers\ReferenceDataRequest\ReferenceElementSecurityDataArray.h">
      <Filter>Header Files\ReferenceDataRequest</Filter>
    </ClInclude>
    <ClInclude Include="headers\ReferenceDataRequest\ReferenceElementSecurityError.h">
      <Filter>Header Files\ReferenceDataRequest</Filter>
    </ClInclude>
    <ClInclude Include="headers\ReferenceDataRequest\ReferenceElementString.h">
      <Filter>Header Files\ReferenceDataRequest</Filter>
    </ClInclude>
    <ClInclude Include="headers\ReferenceDataRequest\ReferenceEvent.h">
      <Filter>Header Files\ReferenceDataRequest</Filter>
    </ClInclude>
    <ClInclude Include="headers\ReferenceDataRequest\ReferenceMessage.h">
      <Filter>Header Files\ReferenceDataRequest</Filter>
    </ClInclude>
    <ClInclude Include="headers\ReferenceDataRequest\ReferenceRequest.h">
      <Filter>Header Files\ReferenceDataRequest</Filter>
    </ClInclude>
    <ClInclude Include="headers\ReferenceDataRequest\ReferenceRequestElementOverride.h">
      <Filter>Header Files\ReferenceDataRequest</Filter>
    </ClInclude>
    <ClInclude Include="headers\ReferenceDataRequest\ReferenceRequestElementOverrideArray.h">
      <Filter>Header Files\ReferenceDataRequest</Filter>
    </ClInclude>
    <ClInclude Include="headers\ReferenceDataRequest\ReferenceRequestElementString.h">
      <Filter>Header Files\ReferenceDataRequest</Filter>
    </ClInclude>
    <ClInclude Include="headers\ReferenceDataRequest\ReferenceRequestElementStringArray.h">
      <Filter>Header Files\ReferenceDataRequest</Filter>
    </ClInclude>
    <ClInclude Include="headers\Types\CanConvertToStringType.h">
      <Filter>Header Files\Types</Filter>
    </ClInclude>
    <ClInclude Include="headers\IntradayTickRequest\IntradayTickElement.h">
      <Filter>Header Files\IntradayTickRequest</Filter>
    </ClInclude>
    <ClInclude Include="headers\IntradayTickRequest\IntradayTickRequestElementTime.h">
      <Filter>Header Files\IntradayTickRequest</Filter>
    </ClInclude>
    <ClInclude Include="headers\IntradayTickRequest\IntradayTickElementData.h">
      <Filter>Header Files\IntradayTickRequest</Filter>
    </ClInclude>
    <ClInclude Include="headers\IntradayTickRequest\IntradayTickElementDataArray.h">
      <Filter>Header Files\IntradayTickRequest</Filter>
    </ClInclude>
    <ClInclude Include="headers\IntradayTickRequest\IntradayTickElementDataParent.h">
      <Filter>Header Files\IntradayTickRequest</Filter>
    </ClInclude>
    <ClInclude Include="headers\IntradayTickRequest\IntradayTickElementDateTime.h">
      <Filter>Header Files\IntradayTickRequest</Filter>
    </ClInclude>
    <ClInclude Include="headers\IntradayTickRequest\IntradayTickElementDouble.h">
      <Filter>Header Files\IntradayTickRequest</Filter>
    </ClInclude>
    <ClInclude Include="headers\IntradayTickRequest\IntradayTickElementInt.h">
      <Filter>Header Files\IntradayTickRequest</Filter>
    </ClInclude>
    <ClInclude Include="headers\IntradayTickRequest\IntradayTickElementResponseError.h">
      <Filter>Header Files\IntradayTickRequest</Filter>
    </ClInclude>
    <ClInclude Include="headers\IntradayTickRequest\IntradayTickElementString.h">
      <Filter>Header Files\IntradayTickRequest</Filter>
    </ClInclude>
    <ClInclude Include="headers\IntradayTickRequest\IntradayTickElementTuple3.h">
      <Filter>Header Files\IntradayTickRequest</Filter>
    </ClInclude>
    <ClInclude Include="headers\IntradayTickRequest\IntradayTickEvent.h">
      <Filter>Header Files\IntradayTickRequest</Filter>
    </ClInclude>
    <ClInclude Include="headers\IntradayTickRequest\IntradayTickMessage.h">
      <Filter>Header Files\IntradayTickRequest</Filter>
    </ClInclude>
    <ClInclude Include="headers\IntradayTickRequest\IntradayTickRequest.h">
      <Filter>Header Files\IntradayTickRequest</Filter>
    </ClInclude>
    <ClInclude Include="headers\IntradayTickRequest\IntradayTickRequestElementBool.h">
      <Filter>Header Files\IntradayTickRequest</Filter>
    </ClInclude>
    <ClInclude Include="headers\IntradayTickRequest\IntradayTickRequestElementInt.h">
      <Filter>Header Files\IntradayTickRequest</Filter>
    </ClInclude>
    <ClInclude Include="headers\IntradayTickRequest\IntradayTickRequestElementString.h">
      <Filter>Header Files\IntradayTickRequest</Filter>
    </ClInclude>
    <ClInclude Include="headers\IntradayTickRequest\IntradayTickRequestElementStringArray.h">
      <Filter>Header Files\IntradayTickRequest</Filter>
    </ClInclude>
  </ItemGroup>
  <ItemGroup>
    <ClCompile Include="src\Types\RandomDataGenerator.cpp">
      <Filter>Source Files\Types</Filter>
    </ClCompile>
    <ClCompile Include="src\Types\Rules.cpp">
      <Filter>Source Files\Types</Filter>
    </ClCompile>
    <ClCompile Include="src\Types\IndentType.cpp">
      <Filter>Source Files\Types</Filter>
    </ClCompile>
    <ClCompile Include="src\Types\ObjectType.cpp">
      <Filter>Source Files\Types</Filter>
    </ClCompile>
    <ClCompile Include="src\BloombergTypes\CorrelationId.cpp">
      <Filter>Source Files\BloombergTypes</Filter>
    </ClCompile>
    <ClCompile Include="src\BloombergTypes\SessionOptions.cpp">
      <Filter>Source Files\BloombergTypes</Filter>
    </ClCompile>
    <ClCompile Include="src\BloombergTypes\Datetime.cpp">
      <Filter>Source Files\BloombergTypes</Filter>
    </ClCompile>
    <ClCompile Include="src\BloombergTypes\Element.cpp">
      <Filter>Source Files\BloombergTypes</Filter>
    </ClCompile>
    <ClCompile Include="src\BloombergTypes\ElementPtr.cpp">
      <Filter>Source Files\BloombergTypes</Filter>
    </ClCompile>
    <ClCompile Include="src\BloombergTypes\Event.cpp">
      <Filter>Source Files\BloombergTypes</Filter>
    </ClCompile>
    <ClCompile Include="src\BloombergTypes\EventPtr.cpp">
      <Filter>Source Files\BloombergTypes</Filter>
    </ClCompile>
    <ClCompile Include="src\BloombergTypes\Message.cpp">
      <Filter>Source Files\BloombergTypes</Filter>
    </ClCompile>
    <ClCompile Include="src\BloombergTypes\MessageIterator.cpp">
      <Filter>Source Files\BloombergTypes</Filter>
    </ClCompile>
    <ClCompile Include="src\BloombergTypes\MessagePtr.cpp">
      <Filter>Source Files\BloombergTypes</Filter>
    </ClCompile>
    <ClCompile Include="src\BloombergTypes\Name.cpp">
      <Filter>Source Files\BloombergTypes</Filter>
    </ClCompile>
    <ClCompile Include="src\BloombergTypes\Request.cpp">
      <Filter>Source Files\BloombergTypes</Filter>
    </ClCompile>
    <ClCompile Include="src\BloombergTypes\RequestPtr.cpp">
      <Filter>Source Files\BloombergTypes</Filter>
    </ClCompile>
    <ClCompile Include="src\BloombergTypes\Service.cpp">
      <Filter>Source Files\BloombergTypes</Filter>
    </ClCompile>
    <ClCompile Include="src\BloombergTypes\ServiceRefData.cpp">
      <Filter>Source Files\BloombergTypes</Filter>
    </ClCompile>
    <ClCompile Include="src\BloombergTypes\Session.cpp">
      <Filter>Source Files\BloombergTypes</Filter>
    </ClCompile>
    <ClCompile Include="src\BloombergTypes\Subscription.cpp">
      <Filter>Source Files\BloombergTypes</Filter>
    </ClCompile>
    <ClCompile Include="src\BloombergTypes\SubscriptionList.cpp">
      <Filter>Source Files\BloombergTypes</Filter>
    </ClCompile>
    <ClCompile Include="src\Types\BEmuTimer.cpp">
      <Filter>Source Files\Types</Filter>
    </ClCompile>
    <ClCompile Include="src\BloombergTypes\SessionTimerFunction.cpp">
      <Filter>Source Files\BloombergTypes</Filter>
    </ClCompile>
    <ClCompile Include="src\Types\DisplayFormats.cpp">
      <Filter>Source Files\Types</Filter>
    </ClCompile>
    <ClCompile Include="src\BloombergTypes\SchemaElementDefinition.cpp">
      <Filter>Source Files\BloombergTypes</Filter>
    </ClCompile>
    <ClCompile Include="src\BloombergTypes\Constant.cpp">
      <Filter>Source Files\BloombergTypes</Filter>
    </ClCompile>
    <ClCompile Include="src\BloombergTypes\ConstantList.cpp">
      <Filter>Source Files\BloombergTypes</Filter>
    </ClCompile>
    <ClCompile Include="src\BloombergTypes\SchemaTypeDefinition.cpp">
      <Filter>Source Files\BloombergTypes</Filter>
    </ClCompile>
    <ClCompile Include="src\HistoricalDataRequest\HistoricElement.cpp">
      <Filter>Source Files\HistoricalDataRequest</Filter>
    </ClCompile>
    <ClCompile Include="src\HistoricalDataRequest\HistoricElementDateTime.cpp">
      <Filter>Source Files\HistoricalDataRequest</Filter>
    </ClCompile>
    <ClCompile Include="src\HistoricalDataRequest\HistoricElementDouble.cpp">
      <Filter>Source Files\HistoricalDataRequest</Filter>
    </ClCompile>
    <ClCompile Include="src\HistoricalDataRequest\HistoricElementErrorInfo.cpp">
      <Filter>Source Files\HistoricalDataRequest</Filter>
    </ClCompile>
    <ClCompile Include="src\HistoricalDataRequest\HistoricElementFieldData.cpp">
      <Filter>Source Files\HistoricalDataRequest</Filter>
    </ClCompile>
    <ClCompile Include="src\HistoricalDataRequest\HistoricElementFieldDataArray.cpp">
      <Filter>Source Files\HistoricalDataRequest</Filter>
    </ClCompile>
    <ClCompile Include="src\HistoricalDataRequest\HistoricElementFieldExceptions.cpp">
      <Filter>Source Files\HistoricalDataRequest</Filter>
    </ClCompile>
    <ClCompile Include="src\HistoricalDataRequest\HistoricElementFieldExceptionsArray.cpp">
      <Filter>Source Files\HistoricalDataRequest</Filter>
    </ClCompile>
    <ClCompile Include="src\HistoricalDataRequest\HistoricElementInt.cpp">
      <Filter>Source Files\HistoricalDataRequest</Filter>
    </ClCompile>
    <ClCompile Include="src\HistoricalDataRequest\HistoricElementSecurityData.cpp">
      <Filter>Source Files\HistoricalDataRequest</Filter>
    </ClCompile>
    <ClCompile Include="src\HistoricalDataRequest\HistoricElementSecurityError.cpp">
      <Filter>Source Files\HistoricalDataRequest</Filter>
    </ClCompile>
    <ClCompile Include="src\HistoricalDataRequest\HistoricElementString.cpp">
      <Filter>Source Files\HistoricalDataRequest</Filter>
    </ClCompile>
    <ClCompile Include="src\HistoricalDataRequest\HistoricEvent.cpp">
      <Filter>Source Files\HistoricalDataRequest</Filter>
    </ClCompile>
    <ClCompile Include="src\HistoricalDataRequest\HistoricMessage.cpp">
      <Filter>Source Files\HistoricalDataRequest</Filter>
    </ClCompile>
    <ClCompile Include="src\HistoricalDataRequest\HistoricRequest.cpp">
      <Filter>Source Files\HistoricalDataRequest</Filter>
    </ClCompile>
    <ClCompile Include="src\HistoricalDataRequest\HistoricRequestElementBool.cpp">
      <Filter>Source Files\HistoricalDataRequest</Filter>
    </ClCompile>
    <ClCompile Include="src\HistoricalDataRequest\HistoricRequestElementDate.cpp">
      <Filter>Source Files\HistoricalDataRequest</Filter>
    </ClCompile>
    <ClCompile Include="src\HistoricalDataRequest\HistoricRequestElementInt.cpp">
      <Filter>Source Files\HistoricalDataRequest</Filter>
    </ClCompile>
    <ClCompile Include="src\HistoricalDataRequest\HistoricRequestElementString.cpp">
      <Filter>Source Files\HistoricalDataRequest</Filter>
    </ClCompile>
    <ClCompile Include="src\HistoricalDataRequest\HistoricRequestElementStringArray.cpp">
      <Filter>Source Files\HistoricalDataRequest</Filter>
    </ClCompile>
    <ClCompile Include="src\IntradayBarRequest\IntradayBarTickDataType.cpp">
      <Filter>Source Files\IntradayBarRequest</Filter>
    </ClCompile>
    <ClCompile Include="src\IntradayBarRequest\IntradayBarElementData.cpp">
      <Filter>Source Files\IntradayBarRequest</Filter>
    </ClCompile>
    <ClCompile Include="src\IntradayBarRequest\IntradayBarElementTickData.cpp">
      <Filter>Source Files\IntradayBarRequest</Filter>
    </ClCompile>
    <ClCompile Include="src\IntradayBarRequest\IntradayBarElementTickDataArray.cpp">
      <Filter>Source Files\IntradayBarRequest</Filter>
    </ClCompile>
    <ClCompile Include="src\IntradayBarRequest\IntradayBarElementDateTime.cpp">
      <Filter>Source Files\IntradayBarRequest</Filter>
    </ClCompile>
    <ClCompile Include="src\IntradayBarRequest\IntradayBarElementDouble.cpp">
      <Filter>Source Files\IntradayBarRequest</Filter>
    </ClCompile>
    <ClCompile Include="src\IntradayBarRequest\IntradayBarElementInt.cpp">
      <Filter>Source Files\IntradayBarRequest</Filter>
    </ClCompile>
    <ClCompile Include="src\IntradayBarRequest\IntradayBarElementLong.cpp">
      <Filter>Source Files\IntradayBarRequest</Filter>
    </ClCompile>
    <ClCompile Include="src\IntradayBarRequest\IntradayBarElementResponseError.cpp">
      <Filter>Source Files\IntradayBarRequest</Filter>
    </ClCompile>
    <ClCompile Include="src\IntradayBarRequest\IntradayBarElementString.cpp">
      <Filter>Source Files\IntradayBarRequest</Filter>
    </ClCompile>
    <ClCompile Include="src\IntradayBarRequest\IntradayBarEvent.cpp">
      <Filter>Source Files\IntradayBarRequest</Filter>
    </ClCompile>
    <ClCompile Include="src\IntradayBarRequest\IntradayBarMessage.cpp">
      <Filter>Source Files\IntradayBarRequest</Filter>
    </ClCompile>
    <ClCompile Include="src\IntradayBarRequest\IntradayBarRequest.cpp">
      <Filter>Source Files\IntradayBarRequest</Filter>
    </ClCompile>
    <ClCompile Include="src\IntradayBarRequest\IntradayBarRequestElementBool.cpp">
      <Filter>Source Files\IntradayBarRequest</Filter>
    </ClCompile>
    <ClCompile Include="src\IntradayBarRequest\IntradayBarRequestElementInt.cpp">
      <Filter>Source Files\IntradayBarRequest</Filter>
    </ClCompile>
    <ClCompile Include="src\IntradayBarRequest\IntradayBarRequestElementString.cpp">
      <Filter>Source Files\IntradayBarRequest</Filter>
    </ClCompile>
    <ClCompile Include="src\IntradayBarRequest\IntradayBarRequestElementStringArray.cpp">
      <Filter>Source Files\IntradayBarRequest</Filter>
    </ClCompile>
    <ClCompile Include="src\IntradayBarRequest\IntradayBarRequestElementTime.cpp">
      <Filter>Source Files\IntradayBarRequest</Filter>
    </ClCompile>
    <ClCompile Include="src\IntradayTickRequest\IntradayTickElement.cpp">
      <Filter>Source Files\IntradayTickRequests</Filter>
    </ClCompile>
    <ClCompile Include="src\IntradayTickRequest\IntradayTickElementData.cpp">
      <Filter>Source Files\IntradayTickRequests</Filter>
    </ClCompile>
    <ClCompile Include="src\IntradayTickRequest\IntradayTickElementDataArray.cpp">
      <Filter>Source Files\IntradayTickRequests</Filter>
    </ClCompile>
    <ClCompile Include="src\IntradayTickRequest\IntradayTickElementDataParent.cpp">
      <Filter>Source Files\IntradayTickRequests</Filter>
    </ClCompile>
    <ClCompile Include="src\IntradayTickRequest\IntradayTickElementTuple3.cpp">
      <Filter>Source Files\IntradayTickRequests</Filter>
    </ClCompile>
    <ClCompile Include="src\IntradayTickRequest\IntradayTickElementDateTime.cpp">
      <Filter>Source Files\IntradayTickRequests</Filter>
    </ClCompile>
    <ClCompile Include="src\IntradayTickRequest\IntradayTickElementDouble.cpp">
      <Filter>Source Files\IntradayTickRequests</Filter>
    </ClCompile>
    <ClCompile Include="src\IntradayTickRequest\IntradayTickElementInt.cpp">
      <Filter>Source Files\IntradayTickRequests</Filter>
    </ClCompile>
    <ClCompile Include="src\IntradayTickRequest\IntradayTickElementResponseError.cpp">
      <Filter>Source Files\IntradayTickRequests</Filter>
    </ClCompile>
    <ClCompile Include="src\IntradayTickRequest\IntradayTickElementString.cpp">
      <Filter>Source Files\IntradayTickRequests</Filter>
    </ClCompile>
    <ClCompile Include="src\IntradayTickRequest\IntradayTickEvent.cpp">
      <Filter>Source Files\IntradayTickRequests</Filter>
    </ClCompile>
    <ClCompile Include="src\IntradayTickRequest\IntradayTickMessage.cpp">
      <Filter>Source Files\IntradayTickRequests</Filter>
    </ClCompile>
    <ClCompile Include="src\IntradayTickRequest\IntradayTickRequest.cpp">
      <Filter>Source Files\IntradayTickRequests</Filter>
    </ClCompile>
    <ClCompile Include="src\IntradayTickRequest\IntradayTickRequestElementBool.cpp">
      <Filter>Source Files\IntradayTickRequests</Filter>
    </ClCompile>
    <ClCompile Include="src\IntradayTickRequest\IntradayTickRequestElementInt.cpp">
      <Filter>Source Files\IntradayTickRequests</Filter>
    </ClCompile>
    <ClCompile Include="src\IntradayTickRequest\IntradayTickRequestElementString.cpp">
      <Filter>Source Files\IntradayTickRequests</Filter>
    </ClCompile>
    <ClCompile Include="src\IntradayTickRequest\IntradayTickRequestElementStringArray.cpp">
      <Filter>Source Files\IntradayTickRequests</Filter>
    </ClCompile>
    <ClCompile Include="src\IntradayTickRequest\IntradayTickRequestElementTime.cpp">
      <Filter>Source Files\IntradayTickRequests</Filter>
    </ClCompile>
    <ClCompile Include="src\MarketDataRequest\MarketElementBool.cpp">
      <Filter>Source Files\MarketDataRequest</Filter>
    </ClCompile>
    <ClCompile Include="src\MarketDataRequest\MarketElementDatetime.cpp">
      <Filter>Source Files\MarketDataRequest</Filter>
    </ClCompile>
    <ClCompile Include="src\MarketDataRequest\MarketElementDouble.cpp">
      <Filter>Source Files\MarketDataRequest</Filter>
    </ClCompile>
    <ClCompile Include="src\MarketDataRequest\MarketElementExceptions.cpp">
      <Filter>Source Files\MarketDataRequest</Filter>
    </ClCompile>
    <ClCompile Include="src\MarketDataRequest\MarketElementExceptionsArray.cpp">
      <Filter>Source Files\MarketDataRequest</Filter>
    </ClCompile>
    <ClCompile Include="src\MarketDataRequest\MarketElementInt.cpp">
      <Filter>Source Files\MarketDataRequest</Filter>
    </ClCompile>
    <ClCompile Include="src\MarketDataRequest\MarketElementNull.cpp">
      <Filter>Source Files\MarketDataRequest</Filter>
    </ClCompile>
    <ClCompile Include="src\MarketDataRequest\MarketElementReason.cpp">
      <Filter>Source Files\MarketDataRequest</Filter>
    </ClCompile>
    <ClCompile Include="src\MarketDataRequest\MarketElementServiceStatus.cpp">
      <Filter>Source Files\MarketDataRequest</Filter>
    </ClCompile>
    <ClCompile Include="src\MarketDataRequest\MarketElementString.cpp">
      <Filter>Source Files\MarketDataRequest</Filter>
    </ClCompile>
    <ClCompile Include="src\MarketDataRequest\MarketElementSubscriptionCanceled.cpp">
      <Filter>Source Files\MarketDataRequest</Filter>
    </ClCompile>
    <ClCompile Include="src\MarketDataRequest\MarketElementSubscriptionCancelReason.cpp">
      <Filter>Source Files\MarketDataRequest</Filter>
    </ClCompile>
    <ClCompile Include="src\MarketDataRequest\MarketElementSubscriptionStarted.cpp">
      <Filter>Source Files\MarketDataRequest</Filter>
    </ClCompile>
    <ClCompile Include="src\MarketDataRequest\MarketEvent.cpp">
      <Filter>Source Files\MarketDataRequest</Filter>
    </ClCompile>
    <ClCompile Include="src\MarketDataRequest\MarketMessageServiceStatus.cpp">
      <Filter>Source Files\MarketDataRequest</Filter>
    </ClCompile>
    <ClCompile Include="src\MarketDataRequest\MarketMessageSessionOpened.cpp">
      <Filter>Source Files\MarketDataRequest</Filter>
    </ClCompile>
    <ClCompile Include="src\MarketDataRequest\MarketMessageSubscriptionCanceled.cpp">
      <Filter>Source Files\MarketDataRequest</Filter>
    </ClCompile>
    <ClCompile Include="src\MarketDataRequest\MarketMessageSubscriptionData.cpp">
      <Filter>Source Files\MarketDataRequest</Filter>
    </ClCompile>
    <ClCompile Include="src\MarketDataRequest\MarketMessageSubscriptionFailure.cpp">
      <Filter>Source Files\MarketDataRequest</Filter>
    </ClCompile>
    <ClCompile Include="src\MarketDataRequest\MarketMessageSubscriptionStarted.cpp">
      <Filter>Source Files\MarketDataRequest</Filter>
    </ClCompile>
    <ClCompile Include="src\ReferenceDataRequest\ReferenceElement.cpp">
      <Filter>Source Files\ReferenceDataRequest</Filter>
    </ClCompile>
    <ClCompile Include="src\ReferenceDataRequest\ReferenceElementArray.cpp">
      <Filter>Source Files\ReferenceDataRequest</Filter>
    </ClCompile>
    <ClCompile Include="src\ReferenceDataRequest\ReferenceElementArrayChainTickers.cpp">
      <Filter>Source Files\ReferenceDataRequest</Filter>
    </ClCompile>
    <ClCompile Include="src\ReferenceDataRequest\ReferenceElementArrayChainTickersItem.cpp">
      <Filter>Source Files\ReferenceDataRequest</Filter>
    </ClCompile>
    <ClCompile Include="src\ReferenceDataRequest\ReferenceElementDateTime.cpp">
      <Filter>Source Files\ReferenceDataRequest</Filter>
    </ClCompile>
    <ClCompile Include="src\ReferenceDataRequest\ReferenceElementDouble.cpp">
      <Filter>Source Files\ReferenceDataRequest</Filter>
    </ClCompile>
    <ClCompile Include="src\ReferenceDataRequest\ReferenceElementErrorInfo.cpp">
      <Filter>Source Files\ReferenceDataRequest</Filter>
    </ClCompile>
    <ClCompile Include="src\ReferenceDataRequest\ReferenceElementFieldData.cpp">
      <Filter>Source Files\ReferenceDataRequest</Filter>
    </ClCompile>
    <ClCompile Include="src\ReferenceDataRequest\ReferenceElementFieldExceptions.cpp">
      <Filter>Source Files\ReferenceDataRequest</Filter>
    </ClCompile>
    <ClCompile Include="src\ReferenceDataRequest\ReferenceElementFieldExceptionsArray.cpp">
      <Filter>Source Files\ReferenceDataRequest</Filter>
    </ClCompile>
    <ClCompile Include="src\ReferenceDataRequest\ReferenceElementInt.cpp">
      <Filter>Source Files\ReferenceDataRequest</Filter>
    </ClCompile>
    <ClCompile Include="src\ReferenceDataRequest\ReferenceElementObject.cpp">
      <Filter>Source Files\ReferenceDataRequest</Filter>
    </ClCompile>
    <ClCompile Include="src\ReferenceDataRequest\ReferenceElementSecurityData.cpp">
      <Filter>Source Files\ReferenceDataRequest</Filter>
    </ClCompile>
    <ClCompile Include="src\ReferenceDataRequest\ReferenceElementSecurityDataArray.cpp">
      <Filter>Source Files\ReferenceDataRequest</Filter>
    </ClCompile>
    <ClCompile Include="src\ReferenceDataRequest\ReferenceElementSecurityError.cpp">
      <Filter>Source Files\ReferenceDataRequest</Filter>
    </ClCompile>
    <ClCompile Include="src\ReferenceDataRequest\ReferenceElementString.cpp">
      <Filter>Source Files\ReferenceDataRequest</Filter>
    </ClCompile>
    <ClCompile Include="src\ReferenceDataRequest\ReferenceEvent.cpp">
      <Filter>Source Files\ReferenceDataRequest</Filter>
    </ClCompile>
    <ClCompile Include="src\ReferenceDataRequest\ReferenceMessage.cpp">
      <Filter>Source Files\ReferenceDataRequest</Filter>
    </ClCompile>
    <ClCompile Include="src\ReferenceDataRequest\ReferenceRequest.cpp">
      <Filter>Source Files\ReferenceDataRequest</Filter>
    </ClCompile>
    <ClCompile Include="src\ReferenceDataRequest\ReferenceRequestElementOverride.cpp">
      <Filter>Source Files\ReferenceDataRequest</Filter>
    </ClCompile>
    <ClCompile Include="src\ReferenceDataRequest\ReferenceRequestElementOverrideArray.cpp">
      <Filter>Source Files\ReferenceDataRequest</Filter>
    </ClCompile>
    <ClCompile Include="src\ReferenceDataRequest\ReferenceRequestElementString.cpp">
      <Filter>Source Files\ReferenceDataRequest</Filter>
    </ClCompile>
    <ClCompile Include="src\ReferenceDataRequest\ReferenceRequestElementStringArray.cpp">
      <Filter>Source Files\ReferenceDataRequest</Filter>
    </ClCompile>
    <ClCompile Include="src\Types\CanConvertToStringType.cpp">
      <Filter>Source Files\Types</Filter>
    </ClCompile>
  </ItemGroup>
  <ItemGroup>
    <None Include="makefile">
      <Filter>Resource Files</Filter>
    </None>
  </ItemGroup>
</Project>